
Microsoft Visual Studio Solution File, Format Version 12.00
# Visual Studio Version 17
VisualStudioVersion = 17.12.35506.116 d17.12
MinimumVisualStudioVersion = 10.0.40219.1
Project("{FAE04EC0-301F-11D3-BF4B-00C04F79EFBC}") = "Server.API", "Server.API\Server.API.csproj", "{649C4289-C7E0-4598-9297-61F51BB835CD}"
EndProject
Project("{FAE04EC0-301F-11D3-BF4B-00C04F79EFBC}") = "Server.Core", "Server.Core\Server.Core.csproj", "{00329607-E2D0-4E52-910D-540E078129F5}"
EndProject
Project("{FAE04EC0-301F-11D3-BF4B-00C04F79EFBC}") = "Server.Data", "Server.Data\Server.Data.csproj", "{73FAD445-E649-4CB6-86BE-617BDCA0B4EA}"
EndProject
Project("{FAE04EC0-301F-11D3-BF4B-00C04F79EFBC}") = "Server.Service", "Server.Service\Server.Service.csproj", "{9888DC15-F5A7-48D7-AC0A-1CA5FEF9FABE}"
EndProject
Global
	GlobalSection(SolutionConfigurationPlatforms) = preSolution
		Debug|Any CPU = Debug|Any CPU
		Release|Any CPU = Release|Any CPU
	EndGlobalSection
	GlobalSection(ProjectConfigurationPlatforms) = postSolution
		{649C4289-C7E0-4598-9297-61F51BB835CD}.Debug|Any CPU.ActiveCfg = Debug|Any CPU
		{649C4289-C7E0-4598-9297-61F51BB835CD}.Debug|Any CPU.Build.0 = Debug|Any CPU
		{649C4289-C7E0-4598-9297-61F51BB835CD}.Release|Any CPU.ActiveCfg = Release|Any CPU
		{649C4289-C7E0-4598-9297-61F51BB835CD}.Release|Any CPU.Build.0 = Release|Any CPU
		{00329607-E2D0-4E52-910D-540E078129F5}.Debug|Any CPU.ActiveCfg = Debug|Any CPU
		{00329607-E2D0-4E52-910D-540E078129F5}.Debug|Any CPU.Build.0 = Debug|Any CPU
		{00329607-E2D0-4E52-910D-540E078129F5}.Release|Any CPU.ActiveCfg = Release|Any CPU
		{00329607-E2D0-4E52-910D-540E078129F5}.Release|Any CPU.Build.0 = Release|Any CPU
		{73FAD445-E649-4CB6-86BE-617BDCA0B4EA}.Debug|Any CPU.ActiveCfg = Debug|Any CPU
		{73FAD445-E649-4CB6-86BE-617BDCA0B4EA}.Debug|Any CPU.Build.0 = Debug|Any CPU
		{73FAD445-E649-4CB6-86BE-617BDCA0B4EA}.Release|Any CPU.ActiveCfg = Release|Any CPU
		{73FAD445-E649-4CB6-86BE-617BDCA0B4EA}.Release|Any CPU.Build.0 = Release|Any CPU
		{9888DC15-F5A7-48D7-AC0A-1CA5FEF9FABE}.Debug|Any CPU.ActiveCfg = Debug|Any CPU
		{9888DC15-F5A7-48D7-AC0A-1CA5FEF9FABE}.Debug|Any CPU.Build.0 = Debug|Any CPU
		{9888DC15-F5A7-48D7-AC0A-1CA5FEF9FABE}.Release|Any CPU.ActiveCfg = Release|Any CPU
		{9888DC15-F5A7-48D7-AC0A-1CA5FEF9FABE}.Release|Any CPU.Build.0 = Release|Any CPU
	EndGlobalSection
	GlobalSection(SolutionProperties) = preSolution
		HideSolutionNode = FALSE
	EndGlobalSection
EndGlobal
